// !$*UTF8*$!
{
	archiveVersion = 1;
	classes = {
	};
	objectVersion = 56;
	objects = {

/* Begin PBXBuildFile section */
		08993C642C5D5DFF00164BC2 /* Roboto-Medium.ttf in Resources */ = {isa = PBXBuildFile; fileRef = 08993C572C5D5DFF00164BC2 /* Roboto-Medium.ttf */; };
		08993C652C5D5DFF00164BC2 /* Roboto-Light.ttf in Resources */ = {isa = PBXBuildFile; fileRef = 08993C582C5D5DFF00164BC2 /* Roboto-Light.ttf */; };
		08993C662C5D5DFF00164BC2 /* Roboto-Regular.ttf in Resources */ = {isa = PBXBuildFile; fileRef = 08993C592C5D5DFF00164BC2 /* Roboto-Regular.ttf */; };
		08993C672C5D5DFF00164BC2 /* Roboto-MediumItalic.ttf in Resources */ = {isa = PBXBuildFile; fileRef = 08993C5A2C5D5DFF00164BC2 /* Roboto-MediumItalic.ttf */; };
		08993C682C5D5DFF00164BC2 /* Roboto-ThinItalic.ttf in Resources */ = {isa = PBXBuildFile; fileRef = 08993C5B2C5D5DFF00164BC2 /* Roboto-ThinItalic.ttf */; };
		08993C692C5D5DFF00164BC2 /* Roboto-BoldItalic.ttf in Resources */ = {isa = PBXBuildFile; fileRef = 08993C5C2C5D5DFF00164BC2 /* Roboto-BoldItalic.ttf */; };
		08993C6A2C5D5DFF00164BC2 /* Roboto-LightItalic.ttf in Resources */ = {isa = PBXBuildFile; fileRef = 08993C5D2C5D5DFF00164BC2 /* Roboto-LightItalic.ttf */; };
		08993C6B2C5D5DFF00164BC2 /* Roboto-Italic.ttf in Resources */ = {isa = PBXBuildFile; fileRef = 08993C5E2C5D5DFF00164BC2 /* Roboto-Italic.ttf */; };
		08993C6C2C5D5DFF00164BC2 /* LICENSE.txt in Resources */ = {isa = PBXBuildFile; fileRef = 08993C5F2C5D5DFF00164BC2 /* LICENSE.txt */; };
		08993C6D2C5D5DFF00164BC2 /* Roboto-BlackItalic.ttf in Resources */ = {isa = PBXBuildFile; fileRef = 08993C602C5D5DFF00164BC2 /* Roboto-BlackItalic.ttf */; };
		08993C6E2C5D5DFF00164BC2 /* Roboto-Bold.ttf in Resources */ = {isa = PBXBuildFile; fileRef = 08993C612C5D5DFF00164BC2 /* Roboto-Bold.ttf */; };
		08993C6F2C5D5DFF00164BC2 /* Roboto-Thin.ttf in Resources */ = {isa = PBXBuildFile; fileRef = 08993C622C5D5DFF00164BC2 /* Roboto-Thin.ttf */; };
		08993C702C5D5DFF00164BC2 /* Roboto-Black.ttf in Resources */ = {isa = PBXBuildFile; fileRef = 08993C632C5D5DFF00164BC2 /* Roboto-Black.ttf */; };
		08E52EDD2C4A6B9E00B61FA6 /* AppDelegate.swift in Sources */ = {isa = PBXBuildFile; fileRef = 08E52EDC2C4A6B9E00B61FA6 /* AppDelegate.swift */; };
		08E52EDF2C4A6B9E00B61FA6 /* SceneDelegate.swift in Sources */ = {isa = PBXBuildFile; fileRef = 08E52EDE2C4A6B9E00B61FA6 /* SceneDelegate.swift */; };
		08E52EE12C4A6B9E00B61FA6 /* ViewController.swift in Sources */ = {isa = PBXBuildFile; fileRef = 08E52EE02C4A6B9E00B61FA6 /* ViewController.swift */; };
		08E52EE62C4A6B9F00B61FA6 /* Assets.xcassets in Resources */ = {isa = PBXBuildFile; fileRef = 08E52EE52C4A6B9F00B61FA6 /* Assets.xcassets */; };
		08E52EE92C4A6B9F00B61FA6 /* LaunchScreen.storyboard in Resources */ = {isa = PBXBuildFile; fileRef = 08E52EE72C4A6B9F00B61FA6 /* LaunchScreen.storyboard */; };
/* End PBXBuildFile section */

/* Begin PBXFileReference section */
		08993C572C5D5DFF00164BC2 /* Roboto-Medium.ttf */ = {isa = PBXFileReference; lastKnownFileType = file; path = "Roboto-Medium.ttf"; sourceTree = "<group>"; };
		08993C582C5D5DFF00164BC2 /* Roboto-Light.ttf */ = {isa = PBXFileReference; lastKnownFileType = file; path = "Roboto-Light.ttf"; sourceTree = "<group>"; };
		08993C592C5D5DFF00164BC2 /* Roboto-Regular.ttf */ = {isa = PBXFileReference; lastKnownFileType = file; path = "Roboto-Regular.ttf"; sourceTree = "<group>"; };
		08993C5A2C5D5DFF00164BC2 /* Roboto-MediumItalic.ttf */ = {isa = PBXFileReference; lastKnownFileType = file; path = "Roboto-MediumItalic.ttf"; sourceTree = "<group>"; };
		08993C5B2C5D5DFF00164BC2 /* Roboto-ThinItalic.ttf */ = {isa = PBXFileReference; lastKnownFileType = file; path = "Roboto-ThinItalic.ttf"; sourceTree = "<group>"; };
		08993C5C2C5D5DFF00164BC2 /* Roboto-BoldItalic.ttf */ = {isa = PBXFileReference; lastKnownFileType = file; path = "Roboto-BoldItalic.ttf"; sourceTree = "<group>"; };
		08993C5D2C5D5DFF00164BC2 /* Roboto-LightItalic.ttf */ = {isa = PBXFileReference; lastKnownFileType = file; path = "Roboto-LightItalic.ttf"; sourceTree = "<group>"; };
		08993C5E2C5D5DFF00164BC2 /* Roboto-Italic.ttf */ = {isa = PBXFileReference; lastKnownFileType = file; path = "Roboto-Italic.ttf"; sourceTree = "<group>"; };
		08993C5F2C5D5DFF00164BC2 /* LICENSE.txt */ = {isa = PBXFileReference; fileEncoding = 4; lastKnownFileType = text; path = LICENSE.txt; sourceTree = "<group>"; };
		08993C602C5D5DFF00164BC2 /* Roboto-BlackItalic.ttf */ = {isa = PBXFileReference; lastKnownFileType = file; path = "Roboto-BlackItalic.ttf"; sourceTree = "<group>"; };
		08993C612C5D5DFF00164BC2 /* Roboto-Bold.ttf */ = {isa = PBXFileReference; lastKnownFileType = file; path = "Roboto-Bold.ttf"; sourceTree = "<group>"; };
		08993C622C5D5DFF00164BC2 /* Roboto-Thin.ttf */ = {isa = PBXFileReference; lastKnownFileType = file; path = "Roboto-Thin.ttf"; sourceTree = "<group>"; };
		08993C632C5D5DFF00164BC2 /* Roboto-Black.ttf */ = {isa = PBXFileReference; lastKnownFileType = file; path = "Roboto-Black.ttf"; sourceTree = "<group>"; };
		08E52ED92C4A6B9E00B61FA6 /* FoodDeliveryApp.app */ = {isa = PBXFileReference; explicitFileType = wrapper.application; includeInIndex = 0; path = FoodDeliveryApp.app; sourceTree = BUILT_PRODUCTS_DIR; };
		08E52EDC2C4A6B9E00B61FA6 /* AppDelegate.swift */ = {isa = PBXFileReference; lastKnownFileType = sourcecode.swift; path = AppDelegate.swift; sourceTree = "<group>"; };
		08E52EDE2C4A6B9E00B61FA6 /* SceneDelegate.swift */ = {isa = PBXFileReference; lastKnownFileType = sourcecode.swift; path = SceneDelegate.swift; sourceTree = "<group>"; };
		08E52EE02C4A6B9E00B61FA6 /* ViewController.swift */ = {isa = PBXFileReference; lastKnownFileType = sourcecode.swift; path = ViewController.swift; sourceTree = "<group>"; };
		08E52EE52C4A6B9F00B61FA6 /* Assets.xcassets */ = {isa = PBXFileReference; lastKnownFileType = folder.assetcatalog; path = Assets.xcassets; sourceTree = "<group>"; };
		08E52EE82C4A6B9F00B61FA6 /* Base */ = {isa = PBXFileReference; lastKnownFileType = file.storyboard; name = Base; path = Base.lproj/LaunchScreen.storyboard; sourceTree = "<group>"; };
		08E52EEA2C4A6B9F00B61FA6 /* Info.plist */ = {isa = PBXFileReference; lastKnownFileType = text.plist.xml; path = Info.plist; sourceTree = "<group>"; };
/* End PBXFileReference section */

/* Begin PBXFrameworksBuildPhase section */
		08E52ED62C4A6B9E00B61FA6 /* Frameworks */ = {
			isa = PBXFrameworksBuildPhase;
			buildActionMask = 2147483647;
			files = (
			);
			runOnlyForDeploymentPostprocessing = 0;
		};
/* End PBXFrameworksBuildPhase section */

/* Begin PBXGroup section */
		08993C542C5D5DCD00164BC2 /* Resources */ = {
			isa = PBXGroup;
			children = (
				08993C552C5D5DE300164BC2 /* Fonts */,
			);
			path = Resources;
			sourceTree = "<group>";
		};
		08993C552C5D5DE300164BC2 /* Fonts */ = {
			isa = PBXGroup;
			children = (
				08993C562C5D5DFF00164BC2 /* Roboto */,
			);
			path = Fonts;
			sourceTree = "<group>";
		};
		08993C562C5D5DFF00164BC2 /* Roboto */ = {
			isa = PBXGroup;
			children = (
				08993C572C5D5DFF00164BC2 /* Roboto-Medium.ttf */,
				08993C582C5D5DFF00164BC2 /* Roboto-Light.ttf */,
				08993C592C5D5DFF00164BC2 /* Roboto-Regular.ttf */,
				08993C5A2C5D5DFF00164BC2 /* Roboto-MediumItalic.ttf */,
				08993C5B2C5D5DFF00164BC2 /* Roboto-ThinItalic.ttf */,
				08993C5C2C5D5DFF00164BC2 /* Roboto-BoldItalic.ttf */,
				08993C5D2C5D5DFF00164BC2 /* Roboto-LightItalic.ttf */,
				08993C5E2C5D5DFF00164BC2 /* Roboto-Italic.ttf */,
				08993C5F2C5D5DFF00164BC2 /* LICENSE.txt */,
				08993C602C5D5DFF00164BC2 /* Roboto-BlackItalic.ttf */,
				08993C612C5D5DFF00164BC2 /* Roboto-Bold.ttf */,
				08993C622C5D5DFF00164BC2 /* Roboto-Thin.ttf */,
				08993C632C5D5DFF00164BC2 /* Roboto-Black.ttf */,
			);
			path = Roboto;
			sourceTree = "<group>";
		};
		08E52ED02C4A6B9E00B61FA6 = {
			isa = PBXGroup;
			children = (
				08E52EDB2C4A6B9E00B61FA6 /* FoodDeliveryApp */,
				08E52EDA2C4A6B9E00B61FA6 /* Products */,
			);
			sourceTree = "<group>";
		};
		08E52EDA2C4A6B9E00B61FA6 /* Products */ = {
			isa = PBXGroup;
			children = (
				08E52ED92C4A6B9E00B61FA6 /* FoodDeliveryApp.app */,
			);
			name = Products;
			sourceTree = "<group>";
		};
		08E52EDB2C4A6B9E00B61FA6 /* FoodDeliveryApp */ = {
			isa = PBXGroup;
			children = (
				08993C542C5D5DCD00164BC2 /* Resources */,
				08E52EDC2C4A6B9E00B61FA6 /* AppDelegate.swift */,
				08E52EDE2C4A6B9E00B61FA6 /* SceneDelegate.swift */,
				08E52EE02C4A6B9E00B61FA6 /* ViewController.swift */,
				08E52EE52C4A6B9F00B61FA6 /* Assets.xcassets */,
				08E52EE72C4A6B9F00B61FA6 /* LaunchScreen.storyboard */,
				08E52EEA2C4A6B9F00B61FA6 /* Info.plist */,
			);
			path = FoodDeliveryApp;
			sourceTree = "<group>";
		};
/* End PBXGroup section */

/* Begin PBXNativeTarget section */
		08E52ED82C4A6B9E00B61FA6 /* FoodDeliveryApp */ = {
			isa = PBXNativeTarget;
			buildConfigurationList = 08E52EED2C4A6B9F00B61FA6 /* Build configuration list for PBXNativeTarget "FoodDeliveryApp" */;
			buildPhases = (
				08E52ED52C4A6B9E00B61FA6 /* Sources */,
				08E52ED62C4A6B9E00B61FA6 /* Frameworks */,
				08E52ED72C4A6B9E00B61FA6 /* Resources */,
			);
			buildRules = (
			);
			dependencies = (
			);
			name = FoodDeliveryApp;
			productName = FoodDeliveryApp;
			productReference = 08E52ED92C4A6B9E00B61FA6 /* FoodDeliveryApp.app */;
			productType = "com.apple.product-type.application";
		};
/* End PBXNativeTarget section */

/* Begin PBXProject section */
		08E52ED12C4A6B9E00B61FA6 /* Project object */ = {
			isa = PBXProject;
			attributes = {
				BuildIndependentTargetsInParallel = 1;
				LastSwiftUpdateCheck = 1520;
				LastUpgradeCheck = 1520;
				TargetAttributes = {
					08E52ED82C4A6B9E00B61FA6 = {
						CreatedOnToolsVersion = 15.2;
					};
				};
			};
			buildConfigurationList = 08E52ED42C4A6B9E00B61FA6 /* Build configuration list for PBXProject "FoodDeliveryApp" */;
			compatibilityVersion = "Xcode 14.0";
			developmentRegion = en;
			hasScannedForEncodings = 0;
			knownRegions = (
				en,
				Base,
			);
			mainGroup = 08E52ED02C4A6B9E00B61FA6;
			productRefGroup = 08E52EDA2C4A6B9E00B61FA6 /* Products */;
			projectDirPath = "";
			projectRoot = "";
			targets = (
				08E52ED82C4A6B9E00B61FA6 /* FoodDeliveryApp */,
			);
		};
/* End PBXProject section */

/* Begin PBXResourcesBuildPhase section */
		08E52ED72C4A6B9E00B61FA6 /* Resources */ = {
			isa = PBXResourcesBuildPhase;
			buildActionMask = 2147483647;
			files = (
				08993C6F2C5D5DFF00164BC2 /* Roboto-Thin.ttf in Resources */,
				08993C6C2C5D5DFF00164BC2 /* LICENSE.txt in Resources */,
				08993C702C5D5DFF00164BC2 /* Roboto-Black.ttf in Resources */,
				08993C6E2C5D5DFF00164BC2 /* Roboto-Bold.ttf in Resources */,
				08E52EE92C4A6B9F00B61FA6 /* LaunchScreen.storyboard in Resources */,
				08E52EE62C4A6B9F00B61FA6 /* Assets.xcassets in Resources */,
				08993C692C5D5DFF00164BC2 /* Roboto-BoldItalic.ttf in Resources */,
				08993C662C5D5DFF00164BC2 /* Roboto-Regular.ttf in Resources */,
				08993C682C5D5DFF00164BC2 /* Roboto-ThinItalic.ttf in Resources */,
				08993C6A2C5D5DFF00164BC2 /* Roboto-LightItalic.ttf in Resources */,
				08993C6D2C5D5DFF00164BC2 /* Roboto-BlackItalic.ttf in Resources */,
				08993C652C5D5DFF00164BC2 /* Roboto-Light.ttf in Resources */,
				08993C6B2C5D5DFF00164BC2 /* Roboto-Italic.ttf in Resources */,
				08993C672C5D5DFF00164BC2 /* Roboto-MediumItalic.ttf in Resources */,
				08993C642C5D5DFF00164BC2 /* Roboto-Medium.ttf in Resources */,
			);
			runOnlyForDeploymentPostprocessing = 0;
		};
/* End PBXResourcesBuildPhase section */

/* Begin PBXSourcesBuildPhase section */
		08E52ED52C4A6B9E00B61FA6 /* Sources */ = {
			isa = PBXSourcesBuildPhase;
			buildActionMask = 2147483647;
			files = (
				08E52EE12C4A6B9E00B61FA6 /* ViewController.swift in Sources */,
				08E52EDD2C4A6B9E00B61FA6 /* AppDelegate.swift in Sources */,
				08E52EDF2C4A6B9E00B61FA6 /* SceneDelegate.swift in Sources */,
			);
			runOnlyForDeploymentPostprocessing = 0;
		};
/* End PBXSourcesBuildPhase section */

/* Begin PBXVariantGroup section */
		08E52EE72C4A6B9F00B61FA6 /* LaunchScreen.storyboard */ = {
			isa = PBXVariantGroup;
			children = (
				08E52EE82C4A6B9F00B61FA6 /* Base */,
			);
			name = LaunchScreen.storyboard;
			sourceTree = "<group>";
		};
/* End PBXVariantGroup section */

/* Begin XCBuildConfiguration section */
		08E52EEB2C4A6B9F00B61FA6 /* Debug */ = {
			isa = XCBuildConfiguration;
			buildSettings = {
				ALWAYS_SEARCH_USER_PATHS = NO;
				ASSETCATALOG_COMPILER_GENERATE_SWIFT_ASSET_SYMBOL_EXTENSIONS = YES;
				CLANG_ANALYZER_NONNULL = YES;
				CLANG_ANALYZER_NUMBER_OBJECT_CONVERSION = YES_AGGRESSIVE;
				CLANG_CXX_LANGUAGE_STANDARD = "gnu++20";
				CLANG_ENABLE_MODULES = YES;
				CLANG_ENABLE_OBJC_ARC = YES;
				CLANG_ENABLE_OBJC_WEAK = YES;
				CLANG_WARN_BLOCK_CAPTURE_AUTORELEASING = YES;
				CLANG_WARN_BOOL_CONVERSION = YES;
				CLANG_WARN_COMMA = YES;
				CLANG_WARN_CONSTANT_CONVERSION = YES;
				CLANG_WARN_DEPRECATED_OBJC_IMPLEMENTATIONS = YES;
				CLANG_WARN_DIRECT_OBJC_ISA_USAGE = YES_ERROR;
				CLANG_WARN_DOCUMENTATION_COMMENTS = YES;
				CLANG_WARN_EMPTY_BODY = YES;
				CLANG_WARN_ENUM_CONVERSION = YES;
				CLANG_WARN_INFINITE_RECURSION = YES;
				CLANG_WARN_INT_CONVERSION = YES;
				CLANG_WARN_NON_LITERAL_NULL_CONVERSION = YES;
				CLANG_WARN_OBJC_IMPLICIT_RETAIN_SELF = YES;
				CLANG_WARN_OBJC_LITERAL_CONVERSION = YES;
				CLANG_WARN_OBJC_ROOT_CLASS = YES_ERROR;
				CLANG_WARN_QUOTED_INCLUDE_IN_FRAMEWORK_HEADER = YES;
				CLANG_WARN_RANGE_LOOP_ANALYSIS = YES;
				CLANG_WARN_STRICT_PROTOTYPES = YES;
				CLANG_WARN_SUSPICIOUS_MOVE = YES;
				CLANG_WARN_UNGUARDED_AVAILABILITY = YES_AGGRESSIVE;
				CLANG_WARN_UNREACHABLE_CODE = YES;
				CLANG_WARN__DUPLICATE_METHOD_MATCH = YES;
				COPY_PHASE_STRIP = NO;
				DEBUG_INFORMATION_FORMAT = dwarf;
				ENABLE_STRICT_OBJC_MSGSEND = YES;
				ENABLE_TESTABILITY = YES;
				ENABLE_USER_SCRIPT_SANDBOXING = YES;
				GCC_C_LANGUAGE_STANDARD = gnu17;
				GCC_DYNAMIC_NO_PIC = NO;
				GCC_NO_COMMON_BLOCKS = YES;
				GCC_OPTIMIZATION_LEVEL = 0;
				GCC_PREPROCESSOR_DEFINITIONS = (
					"DEBUG=1",
					"$(inherited)",
				);
				GCC_WARN_64_TO_32_BIT_CONVERSION = YES;
				GCC_WARN_ABOUT_RETURN_TYPE = YES_ERROR;
				GCC_WARN_UNDECLARED_SELECTOR = YES;
				GCC_WARN_UNINITIALIZED_AUTOS = YES_AGGRESSIVE;
				GCC_WARN_UNUSED_FUNCTION = YES;
				GCC_WARN_UNUSED_VARIABLE = YES;
				IPHONEOS_DEPLOYMENT_TARGET = 17.2;
				LOCALIZATION_PREFERS_STRING_CATALOGS = YES;
				MTL_ENABLE_DEBUG_INFO = INCLUDE_SOURCE;
				MTL_FAST_MATH = YES;
				ONLY_ACTIVE_ARCH = YES;
				SDKROOT = iphoneos;
				SWIFT_ACTIVE_COMPILATION_CONDITIONS = "DEBUG $(inherited)";
				SWIFT_OPTIMIZATION_LEVEL = "-Onone";
			};
			name = Debug;
		};
		08E52EEC2C4A6B9F00B61FA6 /* Release */ = {
			isa = XCBuildConfiguration;
			buildSettings = {
				ALWAYS_SEARCH_USER_PATHS = NO;
				ASSETCATALOG_COMPILER_GENERATE_SWIFT_ASSET_SYMBOL_EXTENSIONS = YES;
				CLANG_ANALYZER_NONNULL = YES;
				CLANG_ANALYZER_NUMBER_OBJECT_CONVERSION = YES_AGGRESSIVE;
				CLANG_CXX_LANGUAGE_STANDARD = "gnu++20";
				CLANG_ENABLE_MODULES = YES;
				CLANG_ENABLE_OBJC_ARC = YES;
				CLANG_ENABLE_OBJC_WEAK = YES;
				CLANG_WARN_BLOCK_CAPTURE_AUTORELEASING = YES;
				CLANG_WARN_BOOL_CONVERSION = YES;
				CLANG_WARN_COMMA = YES;
				CLANG_WARN_CONSTANT_CONVERSION = YES;
				CLANG_WARN_DEPRECATED_OBJC_IMPLEMENTATIONS = YES;
				CLANG_WARN_DIRECT_OBJC_ISA_USAGE = YES_ERROR;
				CLANG_WARN_DOCUMENTATION_COMMENTS = YES;
				CLANG_WARN_EMPTY_BODY = YES;
				CLANG_WARN_ENUM_CONVERSION = YES;
				CLANG_WARN_INFINITE_RECURSION = YES;
				CLANG_WARN_INT_CONVERSION = YES;
				CLANG_WARN_NON_LITERAL_NULL_CONVERSION = YES;
				CLANG_WARN_OBJC_IMPLICIT_RETAIN_SELF = YES;
				CLANG_WARN_OBJC_LITERAL_CONVERSION = YES;
				CLANG_WARN_OBJC_ROOT_CLASS = YES_ERROR;
				CLANG_WARN_QUOTED_INCLUDE_IN_FRAMEWORK_HEADER = YES;
				CLANG_WARN_RANGE_LOOP_ANALYSIS = YES;
				CLANG_WARN_STRICT_PROTOTYPES = YES;
				CLANG_WARN_SUSPICIOUS_MOVE = YES;
				CLANG_WARN_UNGUARDED_AVAILABILITY = YES_AGGRESSIVE;
				CLANG_WARN_UNREACHABLE_CODE = YES;
				CLANG_WARN__DUPLICATE_METHOD_MATCH = YES;
				COPY_PHASE_STRIP = NO;
				DEBUG_INFORMATION_FORMAT = "dwarf-with-dsym";
				ENABLE_NS_ASSERTIONS = NO;
				ENABLE_STRICT_OBJC_MSGSEND = YES;
				ENABLE_USER_SCRIPT_SANDBOXING = YES;
				GCC_C_LANGUAGE_STANDARD = gnu17;
				GCC_NO_COMMON_BLOCKS = YES;
				GCC_WARN_64_TO_32_BIT_CONVERSION = YES;
				GCC_WARN_ABOUT_RETURN_TYPE = YES_ERROR;
				GCC_WARN_UNDECLARED_SELECTOR = YES;
				GCC_WARN_UNINITIALIZED_AUTOS = YES_AGGRESSIVE;
				GCC_WARN_UNUSED_FUNCTION = YES;
				GCC_WARN_UNUSED_VARIABLE = YES;
				IPHONEOS_DEPLOYMENT_TARGET = 17.2;
				LOCALIZATION_PREFERS_STRING_CATALOGS = YES;
				MTL_ENABLE_DEBUG_INFO = NO;
				MTL_FAST_MATH = YES;
				SDKROOT = iphoneos;
				SWIFT_COMPILATION_MODE = wholemodule;
				VALIDATE_PRODUCT = YES;
			};
			name = Release;
		};
		08E52EEE2C4A6B9F00B61FA6 /* Debug */ = {
			isa = XCBuildConfiguration;
			buildSettings = {
				ASSETCATALOG_COMPILER_APPICON_NAME = AppIcon;
				ASSETCATALOG_COMPILER_GLOBAL_ACCENT_COLOR_NAME = AccentColor;
				CODE_SIGN_STYLE = Automatic;
				CURRENT_PROJECT_VERSION = 1;
				DEVELOPMENT_TEAM = UPQ6J5JWBK;
				GENERATE_INFOPLIST_FILE = YES;
				INFOPLIST_FILE = FoodDeliveryApp/Info.plist;
				INFOPLIST_KEY_UIApplicationSupportsIndirectInputEvents = YES;
				INFOPLIST_KEY_UILaunchStoryboardName = LaunchScreen;
				INFOPLIST_KEY_UISupportedInterfaceOrientations_iPad = "UIInterfaceOrientationPortrait UIInterfaceOrientationPortraitUpsideDown UIInterfaceOrientationLandscapeLeft UIInterfaceOrientationLandscapeRight";
				INFOPLIST_KEY_UISupportedInterfaceOrientations_iPhone = "UIInterfaceOrientationPortrait UIInterfaceOrientationLandscapeLeft UIInterfaceOrientationLandscapeRight";
				LD_RUNPATH_SEARCH_PATHS = (
					"$(inherited)",
					"@executable_path/Frameworks",
				);
				MARKETING_VERSION = 1.0;
				PRODUCT_BUNDLE_IDENTIFIER = "Alexander-Balakhonov.FoodDeliveryApp";
				PRODUCT_NAME = "$(TARGET_NAME)";
				SWIFT_EMIT_LOC_STRINGS = YES;
				SWIFT_VERSION = 5.0;
				TARGETED_DEVICE_FAMILY = "1,2";
			};
			name = Debug;
		};
		08E52EEF2C4A6B9F00B61FA6 /* Release */ = {
			isa = XCBuildConfiguration;
			buildSettings = {
				ASSETCATALOG_COMPILER_APPICON_NAME = AppIcon;
				ASSETCATALOG_COMPILER_GLOBAL_ACCENT_COLOR_NAME = AccentColor;
				CODE_SIGN_STYLE = Automatic;
				CURRENT_PROJECT_VERSION = 1;
				DEVELOPMENT_TEAM = UPQ6J5JWBK;
				GENERATE_INFOPLIST_FILE = YES;
				INFOPLIST_FILE = FoodDeliveryApp/Info.plist;
				INFOPLIST_KEY_UIApplicationSupportsIndirectInputEvents = YES;
				INFOPLIST_KEY_UILaunchStoryboardName = LaunchScreen;
				INFOPLIST_KEY_UISupportedInterfaceOrientations_iPad = "UIInterfaceOrientationPortrait UIInterfaceOrientationPortraitUpsideDown UIInterfaceOrientationLandscapeLeft UIInterfaceOrientationLandscapeRight";
				INFOPLIST_KEY_UISupportedInterfaceOrientations_iPhone = "UIInterfaceOrientationPortrait UIInterfaceOrientationLandscapeLeft UIInterfaceOrientationLandscapeRight";
				LD_RUNPATH_SEARCH_PATHS = (
					"$(inherited)",
					"@executable_path/Frameworks",
				);
				MARKETING_VERSION = 1.0;
				PRODUCT_BUNDLE_IDENTIFIER = "Alexander-Balakhonov.FoodDeliveryApp";
				PRODUCT_NAME = "$(TARGET_NAME)";
				SWIFT_EMIT_LOC_STRINGS = YES;
				SWIFT_VERSION = 5.0;
				TARGETED_DEVICE_FAMILY = "1,2";
			};
			name = Release;
		};
/* End XCBuildConfiguration section */

/* Begin XCConfigurationList section */
		08E52ED42C4A6B9E00B61FA6 /* Build configuration list for PBXProject "FoodDeliveryApp" */ = {
			isa = XCConfigurationList;
			buildConfigurations = (
				08E52EEB2C4A6B9F00B61FA6 /* Debug */,
				08E52EEC2C4A6B9F00B61FA6 /* Release */,
			);
			defaultConfigurationIsVisible = 0;
			defaultConfigurationName = Release;
		};
		08E52EED2C4A6B9F00B61FA6 /* Build configuration list for PBXNativeTarget "FoodDeliveryApp" */ = {
			isa = XCConfigurationList;
			buildConfigurations = (
				08E52EEE2C4A6B9F00B61FA6 /* Debug */,
				08E52EEF2C4A6B9F00B61FA6 /* Release */,
			);
			defaultConfigurationIsVisible = 0;
			defaultConfigurationName = Release;
		};
/* End XCConfigurationList section */
	};
	rootObject = 08E52ED12C4A6B9E00B61FA6 /* Project object */;
}
